// !$*UTF8*$!
{
	archiveVersion = 1;
	classes = {
	};
	objectVersion = 77;
	objects = {

/* Begin PBXBuildFile section */
		08FE42835E57956F0A37744E /* Yams in Frameworks */ = {isa = PBXBuildFile; productRef = BC1DB82B412CD954CBFA8E17 /* Yams */; };
		0912D6748435B419CF4E980F /* DeepSeekError.swift in Sources */ = {isa = PBXBuildFile; fileRef = F6E118AB883DDC1045BB0769 /* DeepSeekError.swift */; };
		0ABEC3C6A17E293DE6AC1CCC /* CorpusManager.swift in Sources */ = {isa = PBXBuildFile; fileRef = 3138E022716317B6DB18B9E2 /* CorpusManager.swift */; };
		0C3926E9622B402E66C8616B /* MiniWidgetWindowController.swift in Sources */ = {isa = PBXBuildFile; fileRef = 3C0368F1D29012BA31260AFB /* MiniWidgetWindowController.swift */; };
		0C930D4CA1010E41BF1CF1E1 /* WAVWriter.swift in Sources */ = {isa = PBXBuildFile; fileRef = 857295A827688BF13CBC8A7E /* WAVWriter.swift */; };
		0E94DDBB01100ED1B197831A /* SessionSummary.swift in Sources */ = {isa = PBXBuildFile; fileRef = 1275DFE4AE979EA226EC9A7A /* SessionSummary.swift */; };
		10AA2C2F262356A6E010E0FB /* GlobalHotkey.swift in Sources */ = {isa = PBXBuildFile; fileRef = 69D2CA176E7044D6117E6E03 /* GlobalHotkey.swift */; };
		10BF0B67AA72696A1D8E5EAE /* DeepSeekClient.swift in Sources */ = {isa = PBXBuildFile; fileRef = D36DA8F6A89E6D12414595BD /* DeepSeekClient.swift */; };
		1139B65B9AAE469E7DFF917B /* ShortcutsWindowController.swift in Sources */ = {isa = PBXBuildFile; fileRef = 0E5F1F0F7ACE2BCE896F4A3E /* ShortcutsWindowController.swift */; };
		13E39F9698856D431959DFD3 /* OverlayPanelView.swift in Sources */ = {isa = PBXBuildFile; fileRef = CE34CE37D12ADCE89D53F490 /* OverlayPanelView.swift */; };
		1594045A9CFA26BBDF77537A /* DeepSeekProtocol.swift in Sources */ = {isa = PBXBuildFile; fileRef = 56D5D90FD0A00653C25F73A6 /* DeepSeekProtocol.swift */; };
		1B82BC140E1AF1EE59B9A9FD /* Yams in Frameworks */ = {isa = PBXBuildFile; productRef = 193C6721989EBF7E550F424A /* Yams */; };
		1EE82B486EBF9D4F47D62BCB /* MCPTools.swift in Sources */ = {isa = PBXBuildFile; fileRef = 583047121E9E536DA823376A /* MCPTools.swift */; };
		1F9CF8485D7C0F0640A03890 /* AudioCaptureManager.swift in Sources */ = {isa = PBXBuildFile; fileRef = 2AA2069EE07C9ADBE94147E8 /* AudioCaptureManager.swift */; };
		207A29B4F494DED7AF55ECF5 /* MarkdownRenderer.swift in Sources */ = {isa = PBXBuildFile; fileRef = 4712E45AE69438604DE0B43D /* MarkdownRenderer.swift */; };
		217A70742CDAB0DB3D538B89 /* RTIDatabase.swift in Sources */ = {isa = PBXBuildFile; fileRef = 2CF67E26C43E305EB5AA35F8 /* RTIDatabase.swift */; };
		220D798013E40D1826B23127 /* SpeakerTurn.swift in Sources */ = {isa = PBXBuildFile; fileRef = 36C0B2386DED8C25A82AC662 /* SpeakerTurn.swift */; };
		27683B96B51592F25FD534D0 /* WritePathIntegrationTests.swift in Sources */ = {isa = PBXBuildFile; fileRef = F9D0C3A5F03649E65C27FC95 /* WritePathIntegrationTests.swift */; };
		29064D2D951C51390FE3EB29 /* AudioInputDevice.swift in Sources */ = {isa = PBXBuildFile; fileRef = D402CDD1E9B3EC6E1BCB848D /* AudioInputDevice.swift */; };
		2AEDD80E612700500221C1B8 /* TranscriptEntry.swift in Sources */ = {isa = PBXBuildFile; fileRef = 7A08FEC5983E45EFD1C28833 /* TranscriptEntry.swift */; };
		2B669C05ADC619E925C1AB20 /* SonioxProtocol.swift in Sources */ = {isa = PBXBuildFile; fileRef = 9B43315BBB57BE38A913848E /* SonioxProtocol.swift */; };
		2BC80B64267C234E010ABCEB /* Mode.swift in Sources */ = {isa = PBXBuildFile; fileRef = 906F7DCF321C17392E3DA594 /* Mode.swift */; };
		2BF97B594F6B7E1C664F7750 /* MCPSpawnIntegrationTests.swift in Sources */ = {isa = PBXBuildFile; fileRef = 109CEE81EB1098437E27DC2C /* MCPSpawnIntegrationTests.swift */; };
		2C242E5A0B3725CFE29F968A /* CommandRegistry.swift in Sources */ = {isa = PBXBuildFile; fileRef = E40BB4C92619D7841AA334B2 /* CommandRegistry.swift */; };
		32BA2D12A95743F9542C259A /* SessionCoordinator.swift in Sources */ = {isa = PBXBuildFile; fileRef = 49D678E1638D0423E9AF3827 /* SessionCoordinator.swift */; };
		387627B359E82DEBA3599F97 /* CorpusBackedStore.swift in Sources */ = {isa = PBXBuildFile; fileRef = E72FB57724E1724B61D16734 /* CorpusBackedStore.swift */; };
		3C34F7F68A114A5C28BE2BF3 /* CalendarManager.swift in Sources */ = {isa = PBXBuildFile; fileRef = C107488F2C804B55D899C495 /* CalendarManager.swift */; };
		3CF7BA318F9E008AB26485A5 /* LaunchAtLogin.swift in Sources */ = {isa = PBXBuildFile; fileRef = 475D47768B24F9BA6DC301C6 /* LaunchAtLogin.swift */; };
		3F7FB62F0C59D289C7AE4236 /* SonioxFileTranscribeClient.swift in Sources */ = {isa = PBXBuildFile; fileRef = 20AD61A44FEAD5477D412A8E /* SonioxFileTranscribeClient.swift */; };
		3F9C43481228EE595791A6A0 /* LiveJSONLWriter.swift in Sources */ = {isa = PBXBuildFile; fileRef = A73845B79AA1D887596D445A /* LiveJSONLWriter.swift */; };
		401324B43BC0199A0BB221CA /* SonioxFailure.swift in Sources */ = {isa = PBXBuildFile; fileRef = C4712172E5C5043CBD4E5123 /* SonioxFailure.swift */; };
		44CBAA0BB8BCCF9DEE1CDFF3 /* PromptActionRow.swift in Sources */ = {isa = PBXBuildFile; fileRef = ACB0FDA7D71E13CA3074CA76 /* PromptActionRow.swift */; };
		451477259DC815DE749C384A /* CorpusEntry.swift in Sources */ = {isa = PBXBuildFile; fileRef = F0685C3FDC77550D1247A872 /* CorpusEntry.swift */; };
		45702D4E7A2DEF80C47A4F10 /* ResponseView.swift in Sources */ = {isa = PBXBuildFile; fileRef = 0F81C4D0121A52619B08FC56 /* ResponseView.swift */; };
		465EACF865D80589B46609F8 /* CorpusFTSReindexer.swift in Sources */ = {isa = PBXBuildFile; fileRef = C397F67CAA883C3EE35EF37F /* CorpusFTSReindexer.swift */; };
		46DF816A19FF359179B0E831 /* LiveJSONLWriter.swift in Sources */ = {isa = PBXBuildFile; fileRef = A73845B79AA1D887596D445A /* LiveJSONLWriter.swift */; };
		4DE65CFB81D76D7F0A0F062E /* GRDB in Frameworks */ = {isa = PBXBuildFile; productRef = 08E319D06810A68709A49060 /* GRDB */; };
		506FA1EED04872D658BE8E4E /* SessionTitleController.swift in Sources */ = {isa = PBXBuildFile; fileRef = 8C6B19B466BE378C1C09EAFD /* SessionTitleController.swift */; };
		5CADD8F4EC8D5F2A65CA6C8A /* ModeStore.swift in Sources */ = {isa = PBXBuildFile; fileRef = F122E3AADFBBEE1BC67DC666 /* ModeStore.swift */; };
		5D53AB334A181274357817CD /* TopWidgetWindowController.swift in Sources */ = {isa = PBXBuildFile; fileRef = 9D0E2C98D689721F7ED34156 /* TopWidgetWindowController.swift */; };
		5FDDEF1F7691B954741886BF /* ScreenshotManager.swift in Sources */ = {isa = PBXBuildFile; fileRef = 22E402C93F783C8020AFDCDE /* ScreenshotManager.swift */; };
		621F07BC2133EEAE0B400E30 /* TranscriptRegenerator.swift in Sources */ = {isa = PBXBuildFile; fileRef = 64E9FF127012B15A479CD070 /* TranscriptRegenerator.swift */; };
		6253C8E7925BDAEF2F4D72C4 /* TranscriptRowView.swift in Sources */ = {isa = PBXBuildFile; fileRef = 80B860CBE5C88CADCC97EC4D /* TranscriptRowView.swift */; };
		66AE173856AED09FC72A2D58 /* Session.swift in Sources */ = {isa = PBXBuildFile; fileRef = 166C8635ECAD7923D5605360 /* Session.swift */; };
		69E981D47DB742F906A163BC /* OverlayWindowController.swift in Sources */ = {isa = PBXBuildFile; fileRef = 39B314C441C040CC10C72B28 /* OverlayWindowController.swift */; };
		6D619EF785EABFE337BBBB56 /* TopWidgetView.swift in Sources */ = {isa = PBXBuildFile; fileRef = ABDB87EDDE7A93D1611068A7 /* TopWidgetView.swift */; };
		6DE7863B9496A49105CB8675 /* TranscriptContext.swift in Sources */ = {isa = PBXBuildFile; fileRef = 6820EA81EE3A97F7E8DB34B1 /* TranscriptContext.swift */; };
		6EE4883A9B7562F721AB37BA /* CorpusWriter.swift in Sources */ = {isa = PBXBuildFile; fileRef = 342379F5E45B76ABAB810257 /* CorpusWriter.swift */; };
		70BC938F0CA9C04A5FEE5059 /* SessionQAController.swift in Sources */ = {isa = PBXBuildFile; fileRef = B5A65E39B5589BEA9AE341B2 /* SessionQAController.swift */; };
		7199883BA0F8548E3493E970 /* SessionDetailComponents.swift in Sources */ = {isa = PBXBuildFile; fileRef = 25D83111DF0AFC983EEE83BF /* SessionDetailComponents.swift */; };
		74C468CDEFAC049BEDE3093A /* SonioxProtocol.swift in Sources */ = {isa = PBXBuildFile; fileRef = 9B43315BBB57BE38A913848E /* SonioxProtocol.swift */; };
		7B41507509C47C6176A46C90 /* GRDB in Frameworks */ = {isa = PBXBuildFile; productRef = BD8327CDA200688016F4811C /* GRDB */; };
		7EF2AECA505820507FF3CE29 /* CommandPaletteView.swift in Sources */ = {isa = PBXBuildFile; fileRef = 069398722426CD8117723515 /* CommandPaletteView.swift */; };
		7F25E64740AE7A9EE047EFFB /* CorpusWriterTests.swift in Sources */ = {isa = PBXBuildFile; fileRef = A2066A7BF3D8A4D7430E9A00 /* CorpusWriterTests.swift */; };
		825E92884AE10BC255F6991F /* CommandRegistry.swift in Sources */ = {isa = PBXBuildFile; fileRef = E40BB4C92619D7841AA334B2 /* CommandRegistry.swift */; };
		855ABD64A74C97B2364A1424 /* LogsWindowController.swift in Sources */ = {isa = PBXBuildFile; fileRef = C3CCC571EA79668AD435B0A3 /* LogsWindowController.swift */; };
		85CD28F4C82EA4F4AAACCBE7 /* CorpusFTSReindexerTests.swift in Sources */ = {isa = PBXBuildFile; fileRef = E2432617E88D426F44946AAB /* CorpusFTSReindexerTests.swift */; };
		85E28C6D8F1ED5E3AC9E56B7 /* RTIMCPMain.swift in Sources */ = {isa = PBXBuildFile; fileRef = F2EA1A77C2A9ED70C7F123FC /* RTIMCPMain.swift */; };
		875FF4D465D719F5CC866662 /* LiveJSONLWriterTests.swift in Sources */ = {isa = PBXBuildFile; fileRef = BE9A1FBC4E79B17D0BCB5C47 /* LiveJSONLWriterTests.swift */; };
		8B691267535E0798EA8B6241 /* CorpusWriter.swift in Sources */ = {isa = PBXBuildFile; fileRef = 342379F5E45B76ABAB810257 /* CorpusWriter.swift */; };
		8C6CFEEBEB89C08AC8B8C33B /* SessionExport.swift in Sources */ = {isa = PBXBuildFile; fileRef = 4DED40E2036B38F0362B81D5 /* SessionExport.swift */; };
		8CF61F1009ED1DCCFD8F7026 /* RTIMCP in Embed Dependencies */ = {isa = PBXBuildFile; fileRef = A2127891ACC732EA523D20C2 /* RTIMCP */; settings = {ATTRIBUTES = (RemoveHeadersOnCopy, ); }; };
		8DE47C053C0DBFF1B2D65B8E /* SpeakerOverlay.swift in Sources */ = {isa = PBXBuildFile; fileRef = B74C3D26020FEAD142C4777C /* SpeakerOverlay.swift */; };
		96C0822D8C23C897655D3E03 /* SpeakerLabelMapping.swift in Sources */ = {isa = PBXBuildFile; fileRef = 74DAC4DF2B82C9FBED0DA5EC /* SpeakerLabelMapping.swift */; };
		9C1666D3BCEA5B933F188486 /* DeepSeekErrorTests.swift in Sources */ = {isa = PBXBuildFile; fileRef = A348935B29B36C07BC3683B7 /* DeepSeekErrorTests.swift */; };
		9F89E22932AA0A661DB33D88 /* SystemAudioCapture.swift in Sources */ = {isa = PBXBuildFile; fileRef = 263A886E22FF815C73AD3DD6 /* SystemAudioCapture.swift */; };
		A21F64C0CA36C2F7849133FE /* SpeakerLabels.swift in Sources */ = {isa = PBXBuildFile; fileRef = F88EA5A5405F40A4AF56C7C5 /* SpeakerLabels.swift */; };
		A3127A4220C41C2413B23249 /* SonioxFailure.swift in Sources */ = {isa = PBXBuildFile; fileRef = C4712172E5C5043CBD4E5123 /* SonioxFailure.swift */; };
		A9E5A4F3E878C5FF3DC90168 /* TranscriptEntry.swift in Sources */ = {isa = PBXBuildFile; fileRef = 7A08FEC5983E45EFD1C28833 /* TranscriptEntry.swift */; };
		AA632F7F7DC4BBFC918D6941 /* SessionSearch.swift in Sources */ = {isa = PBXBuildFile; fileRef = D67B7ED9699397B8D95DD0B0 /* SessionSearch.swift */; };
		AB1F3263F87719DF1864ED75 /* AssistantInputView.swift in Sources */ = {isa = PBXBuildFile; fileRef = FDC5292C23D09D793067E231 /* AssistantInputView.swift */; };
		B5ED433C5A1A3265AC36D542 /* GRDB in Frameworks */ = {isa = PBXBuildFile; productRef = 9F18FBF3A7CCD54AD715459F /* GRDB */; };
		B6CCFD3805F92C062B39E669 /* CorpusReader.swift in Sources */ = {isa = PBXBuildFile; fileRef = 4810F8A917CBF2AFAC98759B /* CorpusReader.swift */; };
		B87700410AF304B76C00B5EB /* MarkdownRenderer.swift in Sources */ = {isa = PBXBuildFile; fileRef = 4712E45AE69438604DE0B43D /* MarkdownRenderer.swift */; };
		B9302971C50C52E2ABB06D02 /* Yams in Frameworks */ = {isa = PBXBuildFile; productRef = DAE3424016A8F1DC3B06D873 /* Yams */; };
		BC57220A05F60410ED96C0B3 /* SettingsView.swift in Sources */ = {isa = PBXBuildFile; fileRef = 82F3B4333865A3ABDED731A3 /* SettingsView.swift */; };
		BCA431840666D993AF1A700A /* Starscream in Frameworks */ = {isa = PBXBuildFile; productRef = D0B6C86BEF9143E9BCEC2BE1 /* Starscream */; };
		BF4EE9BF940A75A8915864A5 /* CorpusReader.swift in Sources */ = {isa = PBXBuildFile; fileRef = 4810F8A917CBF2AFAC98759B /* CorpusReader.swift */; };
		BFAB8586DFFC07D20FAA098D /* CorpusReader.swift in Sources */ = {isa = PBXBuildFile; fileRef = 4810F8A917CBF2AFAC98759B /* CorpusReader.swift */; };
		C1A6994A79F13D39CF7A6691 /* SessionDetailView.swift in Sources */ = {isa = PBXBuildFile; fileRef = 6281C5C4478788699F815620 /* SessionDetailView.swift */; };
		C1D2AF666B90D25E0C08C4BF /* SettingsWindowController.swift in Sources */ = {isa = PBXBuildFile; fileRef = 21CA524CCE9E69648B4A72A8 /* SettingsWindowController.swift */; };
		C1EE91841E9613ECF125C8C6 /* MarkdownRendererTests.swift in Sources */ = {isa = PBXBuildFile; fileRef = C91A2A93A0CC8496BA0B0743 /* MarkdownRendererTests.swift */; };
		C2E20687DAB58C81CF2C8F37 /* SessionHistoryView.swift in Sources */ = {isa = PBXBuildFile; fileRef = 0FF6AED923FB3B0FE4A3EFE6 /* SessionHistoryView.swift */; };
		C666DFBEA76C40F82382EA76 /* CorpusEntryTests.swift in Sources */ = {isa = PBXBuildFile; fileRef = 918A00E364359D105630DFF1 /* CorpusEntryTests.swift */; };
		C89FA8D64E22A1A17836E07C /* CorpusEntry.swift in Sources */ = {isa = PBXBuildFile; fileRef = F0685C3FDC77550D1247A872 /* CorpusEntry.swift */; };
		CA226F89770F830DE007782A /* CommandPaletteWindowController.swift in Sources */ = {isa = PBXBuildFile; fileRef = 129EFBF37863B78243BEE1AE /* CommandPaletteWindowController.swift */; };
		CAF7AC115BCF92DEC21FFCB2 /* MiniWidgetView.swift in Sources */ = {isa = PBXBuildFile; fileRef = 0F341C141A143DA85F4DC6E1 /* MiniWidgetView.swift */; };
		CB6002FE9DA7402E4573E874 /* SpeakerTurn.swift in Sources */ = {isa = PBXBuildFile; fileRef = 36C0B2386DED8C25A82AC662 /* SpeakerTurn.swift */; };
		CB82055FF93F65006B55C5C7 /* RTIApp.swift in Sources */ = {isa = PBXBuildFile; fileRef = FA159B350466B311F95C6E82 /* RTIApp.swift */; };
		CDB5B9EA30B4CC706FAFB451 /* LiveJSONLWriter.swift in Sources */ = {isa = PBXBuildFile; fileRef = A73845B79AA1D887596D445A /* LiveJSONLWriter.swift */; };
		CFC035E3E6CDBBFCF0D2612D /* CommandRegistryTests.swift in Sources */ = {isa = PBXBuildFile; fileRef = C757E6B1AFFBC70DE990E730 /* CommandRegistryTests.swift */; };
		D0C3F1A6FEB34B860A83DEA4 /* Secrets.swift in Sources */ = {isa = PBXBuildFile; fileRef = 541406A822542146389D5B7E /* Secrets.swift */; };
		D46560DBC4797045CBA4CB1A /* DeepSeekError.swift in Sources */ = {isa = PBXBuildFile; fileRef = F6E118AB883DDC1045BB0769 /* DeepSeekError.swift */; };
		D56CF6E647EE493B3AC093CA /* SummaryController.swift in Sources */ = {isa = PBXBuildFile; fileRef = 43DD3812D8E05D29D6E39AB0 /* SummaryController.swift */; };
		D700ECF43F4CD37B819F21EB /* MCPProtocol.swift in Sources */ = {isa = PBXBuildFile; fileRef = 1BB88EE9816BAEEFF0A7C7EA /* MCPProtocol.swift */; };
		DBCAA5D4FD382ACD913D4980 /* SonioxFailureTests.swift in Sources */ = {isa = PBXBuildFile; fileRef = 411EDD7A2C3166286A52B232 /* SonioxFailureTests.swift */; };
		DE1DCC91D34825F8EF3CF444 /* SonioxClient.swift in Sources */ = {isa = PBXBuildFile; fileRef = DEDAE2B8ECB220B4A8CBFE3A /* SonioxClient.swift */; };
		DF9B733225B63D3BEE464B79 /* OverlayInputState.swift in Sources */ = {isa = PBXBuildFile; fileRef = AC02C5928AD5841C8E23FFDF /* OverlayInputState.swift */; };
		E2687F74F0EF7AABB539A434 /* AppLog.swift in Sources */ = {isa = PBXBuildFile; fileRef = 8F7CBB9A3050C5F8EB482FA6 /* AppLog.swift */; };
		E29C700EFF6366F258434883 /* SpeakerLabelMapping.swift in Sources */ = {isa = PBXBuildFile; fileRef = 74DAC4DF2B82C9FBED0DA5EC /* SpeakerLabelMapping.swift */; };
		E7A78919E326DC8E80FBC4B5 /* CorpusFTSReindexer.swift in Sources */ = {isa = PBXBuildFile; fileRef = C397F67CAA883C3EE35EF37F /* CorpusFTSReindexer.swift */; };
		E99A2E3907A22BFFDAA70011 /* KeychainStore.swift in Sources */ = {isa = PBXBuildFile; fileRef = C1739AC4265146BE278C238F /* KeychainStore.swift */; };
		EAD660CCEB4135C933D64193 /* OnboardingWindowController.swift in Sources */ = {isa = PBXBuildFile; fileRef = 0B3A09E60F6A13E2B21D4E3E /* OnboardingWindowController.swift */; };
		EE90D8606F09CEE04504490C /* ChatMessage.swift in Sources */ = {isa = PBXBuildFile; fileRef = BF2889365203C94D35E404CD /* ChatMessage.swift */; };
		F0A855E54187ADA60C7AB9D0 /* RTIDesign.swift in Sources */ = {isa = PBXBuildFile; fileRef = 73922AAADA102ECEF611A7B6 /* RTIDesign.swift */; };
		F501C2DB4B95AC2E17320050 /* AppDelegate.swift in Sources */ = {isa = PBXBuildFile; fileRef = 3BA7C507CA6561BA0BC4FE8D /* AppDelegate.swift */; };
		F5EA15C170481EAFC11AF277 /* DebugConsoleView.swift in Sources */ = {isa = PBXBuildFile; fileRef = D625FEFD7781EE62D733E2B3 /* DebugConsoleView.swift */; };
		F620ED21C7BA06ED9275285D /* NotificationNames.swift in Sources */ = {isa = PBXBuildFile; fileRef = 567774DB8B379938045D78B3 /* NotificationNames.swift */; };
		F66899E9870289305445DEB1 /* CorpusEntry.swift in Sources */ = {isa = PBXBuildFile; fileRef = F0685C3FDC77550D1247A872 /* CorpusEntry.swift */; };
		FA9C81A466AC2873E158A3AB /* DebugConsoleWindowController.swift in Sources */ = {isa = PBXBuildFile; fileRef = BEEF34905668FDEDBD43CD8E /* DebugConsoleWindowController.swift */; };
		FE494F2BEC4A19321FE608BC /* OCRService.swift in Sources */ = {isa = PBXBuildFile; fileRef = 54F657FFCA8180572D204BFC /* OCRService.swift */; };
		FE4D7A5D10432BE3D2866F2F /* SessionHistoryWindowController.swift in Sources */ = {isa = PBXBuildFile; fileRef = 9A849422D5702D40826048AF /* SessionHistoryWindowController.swift */; };
		FE75685A7A9FE7649EA0C7AB /* CrashLog.swift in Sources */ = {isa = PBXBuildFile; fileRef = F0232A6827F5D8C0C5056320 /* CrashLog.swift */; };
		FFD5B192F9BB067609DF60FD /* LLMController.swift in Sources */ = {isa = PBXBuildFile; fileRef = 9AD2D289259AD477B911940D /* LLMController.swift */; };
		FFEF45631B7D83D3141AC09B /* SpeakerTurnTests.swift in Sources */ = {isa = PBXBuildFile; fileRef = C1AFC667337DE7A5E7208A1B /* SpeakerTurnTests.swift */; };
/* End PBXBuildFile section */

/* Begin PBXContainerItemProxy section */
		68ACDC0BE497078D1D4ED236 /* PBXContainerItemProxy */ = {
			isa = PBXContainerItemProxy;
			containerPortal = FF9B2702955BDB65AA4249D3 /* Project object */;
			proxyType = 1;
			remoteGlobalIDString = 655FABAD90CA42CCD8178DDF;
			remoteInfo = RTIMCP;
		};
/* End PBXContainerItemProxy section */

/* Begin PBXCopyFilesBuildPhase section */
		FAAADBE37FD2604E6E0C761E /* Embed Dependencies */ = {
			isa = PBXCopyFilesBuildPhase;
			buildActionMask = 2147483647;
			dstPath = "";
			dstSubfolderSpec = 7;
			files = (
				8CF61F1009ED1DCCFD8F7026 /* RTIMCP in Embed Dependencies */,
			);
			name = "Embed Dependencies";
			runOnlyForDeploymentPostprocessing = 0;
		};
/* End PBXCopyFilesBuildPhase section */

/* Begin PBXFileReference section */
		069398722426CD8117723515 /* CommandPaletteView.swift */ = {isa = PBXFileReference; lastKnownFileType = sourcecode.swift; path = CommandPaletteView.swift; sourceTree = "<group>"; };
		0B3A09E60F6A13E2B21D4E3E /* OnboardingWindowController.swift */ = {isa = PBXFileReference; lastKnownFileType = sourcecode.swift; path = OnboardingWindowController.swift; sourceTree = "<group>"; };
		0E5F1F0F7ACE2BCE896F4A3E /* ShortcutsWindowController.swift */ = {isa = PBXFileReference; lastKnownFileType = sourcecode.swift; path = ShortcutsWindowController.swift; sourceTree = "<group>"; };
		0F341C141A143DA85F4DC6E1 /* MiniWidgetView.swift */ = {isa = PBXFileReference; lastKnownFileType = sourcecode.swift; path = MiniWidgetView.swift; sourceTree = "<group>"; };
		0F81C4D0121A52619B08FC56 /* ResponseView.swift */ = {isa = PBXFileReference; lastKnownFileType = sourcecode.swift; path = ResponseView.swift; sourceTree = "<group>"; };
		0FF6AED923FB3B0FE4A3EFE6 /* SessionHistoryView.swift */ = {isa = PBXFileReference; lastKnownFileType = sourcecode.swift; path = SessionHistoryView.swift; sourceTree = "<group>"; };
		109CEE81EB1098437E27DC2C /* MCPSpawnIntegrationTests.swift */ = {isa = PBXFileReference; lastKnownFileType = sourcecode.swift; path = MCPSpawnIntegrationTests.swift; sourceTree = "<group>"; };
		1275DFE4AE979EA226EC9A7A /* SessionSummary.swift */ = {isa = PBXFileReference; lastKnownFileType = sourcecode.swift; path = SessionSummary.swift; sourceTree = "<group>"; };
		129EFBF37863B78243BEE1AE /* CommandPaletteWindowController.swift */ = {isa = PBXFileReference; lastKnownFileType = sourcecode.swift; path = CommandPaletteWindowController.swift; sourceTree = "<group>"; };
		166C8635ECAD7923D5605360 /* Session.swift */ = {isa = PBXFileReference; lastKnownFileType = sourcecode.swift; path = Session.swift; sourceTree = "<group>"; };
		1BB88EE9816BAEEFF0A7C7EA /* MCPProtocol.swift */ = {isa = PBXFileReference; lastKnownFileType = sourcecode.swift; path = MCPProtocol.swift; sourceTree = "<group>"; };
		20AD61A44FEAD5477D412A8E /* SonioxFileTranscribeClient.swift */ = {isa = PBXFileReference; lastKnownFileType = sourcecode.swift; path = SonioxFileTranscribeClient.swift; sourceTree = "<group>"; };
		21CA524CCE9E69648B4A72A8 /* SettingsWindowController.swift */ = {isa = PBXFileReference; lastKnownFileType = sourcecode.swift; path = SettingsWindowController.swift; sourceTree = "<group>"; };
		22E402C93F783C8020AFDCDE /* ScreenshotManager.swift */ = {isa = PBXFileReference; lastKnownFileType = sourcecode.swift; path = ScreenshotManager.swift; sourceTree = "<group>"; };
		25D83111DF0AFC983EEE83BF /* SessionDetailComponents.swift */ = {isa = PBXFileReference; lastKnownFileType = sourcecode.swift; path = SessionDetailComponents.swift; sourceTree = "<group>"; };
		263A886E22FF815C73AD3DD6 /* SystemAudioCapture.swift */ = {isa = PBXFileReference; lastKnownFileType = sourcecode.swift; path = SystemAudioCapture.swift; sourceTree = "<group>"; };
		2AA2069EE07C9ADBE94147E8 /* AudioCaptureManager.swift */ = {isa = PBXFileReference; lastKnownFileType = sourcecode.swift; path = AudioCaptureManager.swift; sourceTree = "<group>"; };
		2CF67E26C43E305EB5AA35F8 /* RTIDatabase.swift */ = {isa = PBXFileReference; lastKnownFileType = sourcecode.swift; path = RTIDatabase.swift; sourceTree = "<group>"; };
		3138E022716317B6DB18B9E2 /* CorpusManager.swift */ = {isa = PBXFileReference; lastKnownFileType = sourcecode.swift; path = CorpusManager.swift; sourceTree = "<group>"; };
		342379F5E45B76ABAB810257 /* CorpusWriter.swift */ = {isa = PBXFileReference; lastKnownFileType = sourcecode.swift; path = CorpusWriter.swift; sourceTree = "<group>"; };
		36C0B2386DED8C25A82AC662 /* SpeakerTurn.swift */ = {isa = PBXFileReference; lastKnownFileType = sourcecode.swift; path = SpeakerTurn.swift; sourceTree = "<group>"; };
		39B314C441C040CC10C72B28 /* OverlayWindowController.swift */ = {isa = PBXFileReference; lastKnownFileType = sourcecode.swift; path = OverlayWindowController.swift; sourceTree = "<group>"; };
		3BA7C507CA6561BA0BC4FE8D /* AppDelegate.swift */ = {isa = PBXFileReference; lastKnownFileType = sourcecode.swift; path = AppDelegate.swift; sourceTree = "<group>"; };
		3C0368F1D29012BA31260AFB /* MiniWidgetWindowController.swift */ = {isa = PBXFileReference; lastKnownFileType = sourcecode.swift; path = MiniWidgetWindowController.swift; sourceTree = "<group>"; };
		411EDD7A2C3166286A52B232 /* SonioxFailureTests.swift */ = {isa = PBXFileReference; lastKnownFileType = sourcecode.swift; path = SonioxFailureTests.swift; sourceTree = "<group>"; };
		43DD3812D8E05D29D6E39AB0 /* SummaryController.swift */ = {isa = PBXFileReference; lastKnownFileType = sourcecode.swift; path = SummaryController.swift; sourceTree = "<group>"; };
		4712E45AE69438604DE0B43D /* MarkdownRenderer.swift */ = {isa = PBXFileReference; lastKnownFileType = sourcecode.swift; path = MarkdownRenderer.swift; sourceTree = "<group>"; };
		475D47768B24F9BA6DC301C6 /* LaunchAtLogin.swift */ = {isa = PBXFileReference; lastKnownFileType = sourcecode.swift; path = LaunchAtLogin.swift; sourceTree = "<group>"; };
		4810F8A917CBF2AFAC98759B /* CorpusReader.swift */ = {isa = PBXFileReference; lastKnownFileType = sourcecode.swift; path = CorpusReader.swift; sourceTree = "<group>"; };
		49D678E1638D0423E9AF3827 /* SessionCoordinator.swift */ = {isa = PBXFileReference; lastKnownFileType = sourcecode.swift; path = SessionCoordinator.swift; sourceTree = "<group>"; };
		4DED40E2036B38F0362B81D5 /* SessionExport.swift */ = {isa = PBXFileReference; lastKnownFileType = sourcecode.swift; path = SessionExport.swift; sourceTree = "<group>"; };
		529928DBB744C96FC50538C4 /* RTITests.xctest */ = {isa = PBXFileReference; explicitFileType = wrapper.cfbundle; includeInIndex = 0; path = RTITests.xctest; sourceTree = BUILT_PRODUCTS_DIR; };
		541406A822542146389D5B7E /* Secrets.swift */ = {isa = PBXFileReference; lastKnownFileType = sourcecode.swift; path = Secrets.swift; sourceTree = "<group>"; };
		54F657FFCA8180572D204BFC /* OCRService.swift */ = {isa = PBXFileReference; lastKnownFileType = sourcecode.swift; path = OCRService.swift; sourceTree = "<group>"; };
		567774DB8B379938045D78B3 /* NotificationNames.swift */ = {isa = PBXFileReference; lastKnownFileType = sourcecode.swift; path = NotificationNames.swift; sourceTree = "<group>"; };
		56D5D90FD0A00653C25F73A6 /* DeepSeekProtocol.swift */ = {isa = PBXFileReference; lastKnownFileType = sourcecode.swift; path = DeepSeekProtocol.swift; sourceTree = "<group>"; };
		583047121E9E536DA823376A /* MCPTools.swift */ = {isa = PBXFileReference; lastKnownFileType = sourcecode.swift; path = MCPTools.swift; sourceTree = "<group>"; };
		6281C5C4478788699F815620 /* SessionDetailView.swift */ = {isa = PBXFileReference; lastKnownFileType = sourcecode.swift; path = SessionDetailView.swift; sourceTree = "<group>"; };
		64E9FF127012B15A479CD070 /* TranscriptRegenerator.swift */ = {isa = PBXFileReference; lastKnownFileType = sourcecode.swift; path = TranscriptRegenerator.swift; sourceTree = "<group>"; };
		6820EA81EE3A97F7E8DB34B1 /* TranscriptContext.swift */ = {isa = PBXFileReference; lastKnownFileType = sourcecode.swift; path = TranscriptContext.swift; sourceTree = "<group>"; };
		69D2CA176E7044D6117E6E03 /* GlobalHotkey.swift */ = {isa = PBXFileReference; lastKnownFileType = sourcecode.swift; path = GlobalHotkey.swift; sourceTree = "<group>"; };
		73922AAADA102ECEF611A7B6 /* RTIDesign.swift */ = {isa = PBXFileReference; lastKnownFileType = sourcecode.swift; path = RTIDesign.swift; sourceTree = "<group>"; };
		74DAC4DF2B82C9FBED0DA5EC /* SpeakerLabelMapping.swift */ = {isa = PBXFileReference; lastKnownFileType = sourcecode.swift; path = SpeakerLabelMapping.swift; sourceTree = "<group>"; };
		7A08FEC5983E45EFD1C28833 /* TranscriptEntry.swift */ = {isa = PBXFileReference; lastKnownFileType = sourcecode.swift; path = TranscriptEntry.swift; sourceTree = "<group>"; };
		80B860CBE5C88CADCC97EC4D /* TranscriptRowView.swift */ = {isa = PBXFileReference; lastKnownFileType = sourcecode.swift; path = TranscriptRowView.swift; sourceTree = "<group>"; };
		82F3B4333865A3ABDED731A3 /* SettingsView.swift */ = {isa = PBXFileReference; lastKnownFileType = sourcecode.swift; path = SettingsView.swift; sourceTree = "<group>"; };
		857295A827688BF13CBC8A7E /* WAVWriter.swift */ = {isa = PBXFileReference; lastKnownFileType = sourcecode.swift; path = WAVWriter.swift; sourceTree = "<group>"; };
		8C6B19B466BE378C1C09EAFD /* SessionTitleController.swift */ = {isa = PBXFileReference; lastKnownFileType = sourcecode.swift; path = SessionTitleController.swift; sourceTree = "<group>"; };
		8F7CBB9A3050C5F8EB482FA6 /* AppLog.swift */ = {isa = PBXFileReference; lastKnownFileType = sourcecode.swift; path = AppLog.swift; sourceTree = "<group>"; };
		906F7DCF321C17392E3DA594 /* Mode.swift */ = {isa = PBXFileReference; lastKnownFileType = sourcecode.swift; path = Mode.swift; sourceTree = "<group>"; };
		918A00E364359D105630DFF1 /* CorpusEntryTests.swift */ = {isa = PBXFileReference; lastKnownFileType = sourcecode.swift; path = CorpusEntryTests.swift; sourceTree = "<group>"; };
		9A849422D5702D40826048AF /* SessionHistoryWindowController.swift */ = {isa = PBXFileReference; lastKnownFileType = sourcecode.swift; path = SessionHistoryWindowController.swift; sourceTree = "<group>"; };
		9AD2D289259AD477B911940D /* LLMController.swift */ = {isa = PBXFileReference; lastKnownFileType = sourcecode.swift; path = LLMController.swift; sourceTree = "<group>"; };
		9B43315BBB57BE38A913848E /* SonioxProtocol.swift */ = {isa = PBXFileReference; lastKnownFileType = sourcecode.swift; path = SonioxProtocol.swift; sourceTree = "<group>"; };
		9D0E2C98D689721F7ED34156 /* TopWidgetWindowController.swift */ = {isa = PBXFileReference; lastKnownFileType = sourcecode.swift; path = TopWidgetWindowController.swift; sourceTree = "<group>"; };
		A2066A7BF3D8A4D7430E9A00 /* CorpusWriterTests.swift */ = {isa = PBXFileReference; lastKnownFileType = sourcecode.swift; path = CorpusWriterTests.swift; sourceTree = "<group>"; };
		A2127891ACC732EA523D20C2 /* RTIMCP */ = {isa = PBXFileReference; includeInIndex = 0; path = RTIMCP; sourceTree = BUILT_PRODUCTS_DIR; };
		A348935B29B36C07BC3683B7 /* DeepSeekErrorTests.swift */ = {isa = PBXFileReference; lastKnownFileType = sourcecode.swift; path = DeepSeekErrorTests.swift; sourceTree = "<group>"; };
		A73845B79AA1D887596D445A /* LiveJSONLWriter.swift */ = {isa = PBXFileReference; lastKnownFileType = sourcecode.swift; path = LiveJSONLWriter.swift; sourceTree = "<group>"; };
		ABDB87EDDE7A93D1611068A7 /* TopWidgetView.swift */ = {isa = PBXFileReference; lastKnownFileType = sourcecode.swift; path = TopWidgetView.swift; sourceTree = "<group>"; };
		AC02C5928AD5841C8E23FFDF /* OverlayInputState.swift */ = {isa = PBXFileReference; lastKnownFileType = sourcecode.swift; path = OverlayInputState.swift; sourceTree = "<group>"; };
		ACB0FDA7D71E13CA3074CA76 /* PromptActionRow.swift */ = {isa = PBXFileReference; lastKnownFileType = sourcecode.swift; path = PromptActionRow.swift; sourceTree = "<group>"; };
		B5A65E39B5589BEA9AE341B2 /* SessionQAController.swift */ = {isa = PBXFileReference; lastKnownFileType = sourcecode.swift; path = SessionQAController.swift; sourceTree = "<group>"; };
		B74C3D26020FEAD142C4777C /* SpeakerOverlay.swift */ = {isa = PBXFileReference; lastKnownFileType = sourcecode.swift; path = SpeakerOverlay.swift; sourceTree = "<group>"; };
		BE9A1FBC4E79B17D0BCB5C47 /* LiveJSONLWriterTests.swift */ = {isa = PBXFileReference; lastKnownFileType = sourcecode.swift; path = LiveJSONLWriterTests.swift; sourceTree = "<group>"; };
		BEEF34905668FDEDBD43CD8E /* DebugConsoleWindowController.swift */ = {isa = PBXFileReference; lastKnownFileType = sourcecode.swift; path = DebugConsoleWindowController.swift; sourceTree = "<group>"; };
		BF2889365203C94D35E404CD /* ChatMessage.swift */ = {isa = PBXFileReference; lastKnownFileType = sourcecode.swift; path = ChatMessage.swift; sourceTree = "<group>"; };
		C107488F2C804B55D899C495 /* CalendarManager.swift */ = {isa = PBXFileReference; lastKnownFileType = sourcecode.swift; path = CalendarManager.swift; sourceTree = "<group>"; };
		C1739AC4265146BE278C238F /* KeychainStore.swift */ = {isa = PBXFileReference; lastKnownFileType = sourcecode.swift; path = KeychainStore.swift; sourceTree = "<group>"; };
		C1AFC667337DE7A5E7208A1B /* SpeakerTurnTests.swift */ = {isa = PBXFileReference; lastKnownFileType = sourcecode.swift; path = SpeakerTurnTests.swift; sourceTree = "<group>"; };
		C1F0544DED98C9C9C8A525F7 /* RTI.app */ = {isa = PBXFileReference; explicitFileType = wrapper.application; includeInIndex = 0; path = RTI.app; sourceTree = BUILT_PRODUCTS_DIR; };
		C397F67CAA883C3EE35EF37F /* CorpusFTSReindexer.swift */ = {isa = PBXFileReference; lastKnownFileType = sourcecode.swift; path = CorpusFTSReindexer.swift; sourceTree = "<group>"; };
		C3CCC571EA79668AD435B0A3 /* LogsWindowController.swift */ = {isa = PBXFileReference; lastKnownFileType = sourcecode.swift; path = LogsWindowController.swift; sourceTree = "<group>"; };
		C4712172E5C5043CBD4E5123 /* SonioxFailure.swift */ = {isa = PBXFileReference; lastKnownFileType = sourcecode.swift; path = SonioxFailure.swift; sourceTree = "<group>"; };
		C757E6B1AFFBC70DE990E730 /* CommandRegistryTests.swift */ = {isa = PBXFileReference; lastKnownFileType = sourcecode.swift; path = CommandRegistryTests.swift; sourceTree = "<group>"; };
		C91A2A93A0CC8496BA0B0743 /* MarkdownRendererTests.swift */ = {isa = PBXFileReference; lastKnownFileType = sourcecode.swift; path = MarkdownRendererTests.swift; sourceTree = "<group>"; };
		CE34CE37D12ADCE89D53F490 /* OverlayPanelView.swift */ = {isa = PBXFileReference; lastKnownFileType = sourcecode.swift; path = OverlayPanelView.swift; sourceTree = "<group>"; };
		D36DA8F6A89E6D12414595BD /* DeepSeekClient.swift */ = {isa = PBXFileReference; lastKnownFileType = sourcecode.swift; path = DeepSeekClient.swift; sourceTree = "<group>"; };
		D402CDD1E9B3EC6E1BCB848D /* AudioInputDevice.swift */ = {isa = PBXFileReference; lastKnownFileType = sourcecode.swift; path = AudioInputDevice.swift; sourceTree = "<group>"; };
		D625FEFD7781EE62D733E2B3 /* DebugConsoleView.swift */ = {isa = PBXFileReference; lastKnownFileType = sourcecode.swift; path = DebugConsoleView.swift; sourceTree = "<group>"; };
		D67B7ED9699397B8D95DD0B0 /* SessionSearch.swift */ = {isa = PBXFileReference; lastKnownFileType = sourcecode.swift; path = SessionSearch.swift; sourceTree = "<group>"; };
		DEDAE2B8ECB220B4A8CBFE3A /* SonioxClient.swift */ = {isa = PBXFileReference; lastKnownFileType = sourcecode.swift; path = SonioxClient.swift; sourceTree = "<group>"; };
		E2432617E88D426F44946AAB /* CorpusFTSReindexerTests.swift */ = {isa = PBXFileReference; lastKnownFileType = sourcecode.swift; path = CorpusFTSReindexerTests.swift; sourceTree = "<group>"; };
		E40BB4C92619D7841AA334B2 /* CommandRegistry.swift */ = {isa = PBXFileReference; lastKnownFileType = sourcecode.swift; path = CommandRegistry.swift; sourceTree = "<group>"; };
		E72FB57724E1724B61D16734 /* CorpusBackedStore.swift */ = {isa = PBXFileReference; lastKnownFileType = sourcecode.swift; path = CorpusBackedStore.swift; sourceTree = "<group>"; };
		F0232A6827F5D8C0C5056320 /* CrashLog.swift */ = {isa = PBXFileReference; lastKnownFileType = sourcecode.swift; path = CrashLog.swift; sourceTree = "<group>"; };
		F0685C3FDC77550D1247A872 /* CorpusEntry.swift */ = {isa = PBXFileReference; lastKnownFileType = sourcecode.swift; path = CorpusEntry.swift; sourceTree = "<group>"; };
		F122E3AADFBBEE1BC67DC666 /* ModeStore.swift */ = {isa = PBXFileReference; lastKnownFileType = sourcecode.swift; path = ModeStore.swift; sourceTree = "<group>"; };
		F2EA1A77C2A9ED70C7F123FC /* RTIMCPMain.swift */ = {isa = PBXFileReference; lastKnownFileType = sourcecode.swift; path = RTIMCPMain.swift; sourceTree = "<group>"; };
		F6E118AB883DDC1045BB0769 /* DeepSeekError.swift */ = {isa = PBXFileReference; lastKnownFileType = sourcecode.swift; path = DeepSeekError.swift; sourceTree = "<group>"; };
		F88EA5A5405F40A4AF56C7C5 /* SpeakerLabels.swift */ = {isa = PBXFileReference; lastKnownFileType = sourcecode.swift; path = SpeakerLabels.swift; sourceTree = "<group>"; };
		F9D0C3A5F03649E65C27FC95 /* WritePathIntegrationTests.swift */ = {isa = PBXFileReference; lastKnownFileType = sourcecode.swift; path = WritePathIntegrationTests.swift; sourceTree = "<group>"; };
		FA159B350466B311F95C6E82 /* RTIApp.swift */ = {isa = PBXFileReference; lastKnownFileType = sourcecode.swift; path = RTIApp.swift; sourceTree = "<group>"; };
		FDC5292C23D09D793067E231 /* AssistantInputView.swift */ = {isa = PBXFileReference; lastKnownFileType = sourcecode.swift; path = AssistantInputView.swift; sourceTree = "<group>"; };
/* End PBXFileReference section */

/* Begin PBXFrameworksBuildPhase section */
		2F50C7F51B41B0EB703EC7F0 /* Frameworks */ = {
			isa = PBXFrameworksBuildPhase;
			buildActionMask = 2147483647;
			files = (
				4DE65CFB81D76D7F0A0F062E /* GRDB in Frameworks */,
				BCA431840666D993AF1A700A /* Starscream in Frameworks */,
				B9302971C50C52E2ABB06D02 /* Yams in Frameworks */,
			);
			runOnlyForDeploymentPostprocessing = 0;
		};
		78168AF54A814E1ED4F46BE9 /* Frameworks */ = {
			isa = PBXFrameworksBuildPhase;
			buildActionMask = 2147483647;
			files = (
				B5ED433C5A1A3265AC36D542 /* GRDB in Frameworks */,
				08FE42835E57956F0A37744E /* Yams in Frameworks */,
			);
			runOnlyForDeploymentPostprocessing = 0;
		};
		BA5ED6D7FA1851332987223D /* Frameworks */ = {
			isa = PBXFrameworksBuildPhase;
			buildActionMask = 2147483647;
			files = (
				7B41507509C47C6176A46C90 /* GRDB in Frameworks */,
				1B82BC140E1AF1EE59B9A9FD /* Yams in Frameworks */,
			);
			runOnlyForDeploymentPostprocessing = 0;
		};
/* End PBXFrameworksBuildPhase section */

/* Begin PBXGroup section */
		1986E83FB3008C46AB029C74 /* Settings */ = {
			isa = PBXGroup;
			children = (
				C1739AC4265146BE278C238F /* KeychainStore.swift */,
				475D47768B24F9BA6DC301C6 /* LaunchAtLogin.swift */,
				C3CCC571EA79668AD435B0A3 /* LogsWindowController.swift */,
				0B3A09E60F6A13E2B21D4E3E /* OnboardingWindowController.swift */,
				82F3B4333865A3ABDED731A3 /* SettingsView.swift */,
				21CA524CCE9E69648B4A72A8 /* SettingsWindowController.swift */,
			);
			path = Settings;
			sourceTree = "<group>";
		};
		1CE76FE000C93722B12D033C /* DebugConsole */ = {
			isa = PBXGroup;
			children = (
				D625FEFD7781EE62D733E2B3 /* DebugConsoleView.swift */,
				BEEF34905668FDEDBD43CD8E /* DebugConsoleWindowController.swift */,
				80B860CBE5C88CADCC97EC4D /* TranscriptRowView.swift */,
			);
			path = DebugConsole;
			sourceTree = "<group>";
		};
		1DC3BF0CDA31806B027312AE /* Sources */ = {
			isa = PBXGroup;
			children = (
				3BA7C507CA6561BA0BC4FE8D /* AppDelegate.swift */,
				69D2CA176E7044D6117E6E03 /* GlobalHotkey.swift */,
				CE34CE37D12ADCE89D53F490 /* OverlayPanelView.swift */,
				39B314C441C040CC10C72B28 /* OverlayWindowController.swift */,
				FA159B350466B311F95C6E82 /* RTIApp.swift */,
				541406A822542146389D5B7E /* Secrets.swift */,
				53DEECA334B6E32693711DB5 /* Audio */,
				DE19E04D7D1B2968DA792EBB /* Calendar */,
				CA2CB39F640606496692C25C /* Corpus */,
				3C92AB18BA67FF02D2AA786D /* Database */,
				74379EF2733A8C42B2CAD070 /* LLM */,
				9078B056DC9BCFE0439E87F9 /* Modes */,
				24455A8877022B93FB06BB57 /* Screenshot */,
				8FEE3FA4D78A07D0B0C1F862 /* Session */,
				1986E83FB3008C46AB029C74 /* Settings */,
				D09F915A48541D3D3BECCBB4 /* Soniox */,
				970DE934759A39E9AF17BAE6 /* Summary */,
				86CDB24EE24962E63F12AE22 /* Support */,
				D22562E9A8C896A2CCAAB90B /* UI */,
				500D82A363AF85F130D5729B /* Widgets */,
			);
			path = Sources;
			sourceTree = "<group>";
		};
		24455A8877022B93FB06BB57 /* Screenshot */ = {
			isa = PBXGroup;
			children = (
				54F657FFCA8180572D204BFC /* OCRService.swift */,
				22E402C93F783C8020AFDCDE /* ScreenshotManager.swift */,
			);
			path = Screenshot;
			sourceTree = "<group>";
		};
		25AC245E8735D765951A3A63 /* Overlay */ = {
			isa = PBXGroup;
			children = (
				FDC5292C23D09D793067E231 /* AssistantInputView.swift */,
				AC02C5928AD5841C8E23FFDF /* OverlayInputState.swift */,
				ACB0FDA7D71E13CA3074CA76 /* PromptActionRow.swift */,
				0F81C4D0121A52619B08FC56 /* ResponseView.swift */,
			);
			path = Overlay;
			sourceTree = "<group>";
		};
		2F60E31386655AA08CC1C2A9 /* Products */ = {
			isa = PBXGroup;
			children = (
				C1F0544DED98C9C9C8A525F7 /* RTI.app */,
				A2127891ACC732EA523D20C2 /* RTIMCP */,
				529928DBB744C96FC50538C4 /* RTITests.xctest */,
			);
			name = Products;
			sourceTree = "<group>";
		};
		3C92AB18BA67FF02D2AA786D /* Database */ = {
			isa = PBXGroup;
			children = (
				2CF67E26C43E305EB5AA35F8 /* RTIDatabase.swift */,
				C189AA89598484AE8E84DC55 /* Models */,
			);
			path = Database;
			sourceTree = "<group>";
		};
		500D82A363AF85F130D5729B /* Widgets */ = {
			isa = PBXGroup;
			children = (
				0F341C141A143DA85F4DC6E1 /* MiniWidgetView.swift */,
				3C0368F1D29012BA31260AFB /* MiniWidgetWindowController.swift */,
				0E5F1F0F7ACE2BCE896F4A3E /* ShortcutsWindowController.swift */,
				ABDB87EDDE7A93D1611068A7 /* TopWidgetView.swift */,
				9D0E2C98D689721F7ED34156 /* TopWidgetWindowController.swift */,
			);
			path = Widgets;
			sourceTree = "<group>";
		};
		53DEECA334B6E32693711DB5 /* Audio */ = {
			isa = PBXGroup;
			children = (
				2AA2069EE07C9ADBE94147E8 /* AudioCaptureManager.swift */,
				D402CDD1E9B3EC6E1BCB848D /* AudioInputDevice.swift */,
				263A886E22FF815C73AD3DD6 /* SystemAudioCapture.swift */,
				857295A827688BF13CBC8A7E /* WAVWriter.swift */,
			);
			path = Audio;
			sourceTree = "<group>";
		};
		61AD51C58FAE178F46387742 /* Tests */ = {
			isa = PBXGroup;
			children = (
				C757E6B1AFFBC70DE990E730 /* CommandRegistryTests.swift */,
				918A00E364359D105630DFF1 /* CorpusEntryTests.swift */,
				E2432617E88D426F44946AAB /* CorpusFTSReindexerTests.swift */,
				A2066A7BF3D8A4D7430E9A00 /* CorpusWriterTests.swift */,
				A348935B29B36C07BC3683B7 /* DeepSeekErrorTests.swift */,
				BE9A1FBC4E79B17D0BCB5C47 /* LiveJSONLWriterTests.swift */,
				C91A2A93A0CC8496BA0B0743 /* MarkdownRendererTests.swift */,
				109CEE81EB1098437E27DC2C /* MCPSpawnIntegrationTests.swift */,
				411EDD7A2C3166286A52B232 /* SonioxFailureTests.swift */,
				C1AFC667337DE7A5E7208A1B /* SpeakerTurnTests.swift */,
				F9D0C3A5F03649E65C27FC95 /* WritePathIntegrationTests.swift */,
			);
			path = Tests;
			sourceTree = "<group>";
		};
		74379EF2733A8C42B2CAD070 /* LLM */ = {
			isa = PBXGroup;
			children = (
				D36DA8F6A89E6D12414595BD /* DeepSeekClient.swift */,
				F6E118AB883DDC1045BB0769 /* DeepSeekError.swift */,
				56D5D90FD0A00653C25F73A6 /* DeepSeekProtocol.swift */,
				9AD2D289259AD477B911940D /* LLMController.swift */,
			);
			path = LLM;
			sourceTree = "<group>";
		};
		86CDB24EE24962E63F12AE22 /* Support */ = {
			isa = PBXGroup;
			children = (
				8F7CBB9A3050C5F8EB482FA6 /* AppLog.swift */,
				F0232A6827F5D8C0C5056320 /* CrashLog.swift */,
				567774DB8B379938045D78B3 /* NotificationNames.swift */,
				74DAC4DF2B82C9FBED0DA5EC /* SpeakerLabelMapping.swift */,
			);
			path = Support;
			sourceTree = "<group>";
		};
		8FEE3FA4D78A07D0B0C1F862 /* Session */ = {
			isa = PBXGroup;
			children = (
				49D678E1638D0423E9AF3827 /* SessionCoordinator.swift */,
				4DED40E2036B38F0362B81D5 /* SessionExport.swift */,
				B5A65E39B5589BEA9AE341B2 /* SessionQAController.swift */,
				D67B7ED9699397B8D95DD0B0 /* SessionSearch.swift */,
				8C6B19B466BE378C1C09EAFD /* SessionTitleController.swift */,
				36C0B2386DED8C25A82AC662 /* SpeakerTurn.swift */,
				6820EA81EE3A97F7E8DB34B1 /* TranscriptContext.swift */,
				64E9FF127012B15A479CD070 /* TranscriptRegenerator.swift */,
			);
			path = Session;
			sourceTree = "<group>";
		};
		9078B056DC9BCFE0439E87F9 /* Modes */ = {
			isa = PBXGroup;
			children = (
				F122E3AADFBBEE1BC67DC666 /* ModeStore.swift */,
			);
			path = Modes;
			sourceTree = "<group>";
		};
		92E608C4E67D7B14C6EE7BCF /* MCP */ = {
			isa = PBXGroup;
			children = (
				1BB88EE9816BAEEFF0A7C7EA /* MCPProtocol.swift */,
				583047121E9E536DA823376A /* MCPTools.swift */,
				F2EA1A77C2A9ED70C7F123FC /* RTIMCPMain.swift */,
			);
			path = MCP;
			sourceTree = "<group>";
		};
		93C3B71700B313358BBEB139 = {
			isa = PBXGroup;
			children = (
				92E608C4E67D7B14C6EE7BCF /* MCP */,
				1DC3BF0CDA31806B027312AE /* Sources */,
				61AD51C58FAE178F46387742 /* Tests */,
				2F60E31386655AA08CC1C2A9 /* Products */,
			);
			sourceTree = "<group>";
		};
		970DE934759A39E9AF17BAE6 /* Summary */ = {
			isa = PBXGroup;
			children = (
				43DD3812D8E05D29D6E39AB0 /* SummaryController.swift */,
			);
			path = Summary;
			sourceTree = "<group>";
		};
		B346AA01F830B36D27732387 /* SessionHistory */ = {
			isa = PBXGroup;
			children = (
				0FF6AED923FB3B0FE4A3EFE6 /* SessionHistoryView.swift */,
				9A849422D5702D40826048AF /* SessionHistoryWindowController.swift */,
			);
			path = SessionHistory;
			sourceTree = "<group>";
		};
		C189AA89598484AE8E84DC55 /* Models */ = {
			isa = PBXGroup;
			children = (
				BF2889365203C94D35E404CD /* ChatMessage.swift */,
				906F7DCF321C17392E3DA594 /* Mode.swift */,
				166C8635ECAD7923D5605360 /* Session.swift */,
				1275DFE4AE979EA226EC9A7A /* SessionSummary.swift */,
				7A08FEC5983E45EFD1C28833 /* TranscriptEntry.swift */,
			);
			path = Models;
			sourceTree = "<group>";
		};
		CA2CB39F640606496692C25C /* Corpus */ = {
			isa = PBXGroup;
			children = (
				E72FB57724E1724B61D16734 /* CorpusBackedStore.swift */,
				F0685C3FDC77550D1247A872 /* CorpusEntry.swift */,
				C397F67CAA883C3EE35EF37F /* CorpusFTSReindexer.swift */,
				3138E022716317B6DB18B9E2 /* CorpusManager.swift */,
				4810F8A917CBF2AFAC98759B /* CorpusReader.swift */,
				342379F5E45B76ABAB810257 /* CorpusWriter.swift */,
				A73845B79AA1D887596D445A /* LiveJSONLWriter.swift */,
				4712E45AE69438604DE0B43D /* MarkdownRenderer.swift */,
				B74C3D26020FEAD142C4777C /* SpeakerOverlay.swift */,
			);
			path = Corpus;
			sourceTree = "<group>";
		};
		CCC9B1D39551313382B00499 /* CommandPalette */ = {
			isa = PBXGroup;
			children = (
				069398722426CD8117723515 /* CommandPaletteView.swift */,
				129EFBF37863B78243BEE1AE /* CommandPaletteWindowController.swift */,
				E40BB4C92619D7841AA334B2 /* CommandRegistry.swift */,
			);
			path = CommandPalette;
			sourceTree = "<group>";
		};
		D09F915A48541D3D3BECCBB4 /* Soniox */ = {
			isa = PBXGroup;
			children = (
				DEDAE2B8ECB220B4A8CBFE3A /* SonioxClient.swift */,
				C4712172E5C5043CBD4E5123 /* SonioxFailure.swift */,
				20AD61A44FEAD5477D412A8E /* SonioxFileTranscribeClient.swift */,
				9B43315BBB57BE38A913848E /* SonioxProtocol.swift */,
			);
			path = Soniox;
			sourceTree = "<group>";
		};
		D22562E9A8C896A2CCAAB90B /* UI */ = {
			isa = PBXGroup;
			children = (
				73922AAADA102ECEF611A7B6 /* RTIDesign.swift */,
				F88EA5A5405F40A4AF56C7C5 /* SpeakerLabels.swift */,
				CCC9B1D39551313382B00499 /* CommandPalette */,
				1CE76FE000C93722B12D033C /* DebugConsole */,
				25AC245E8735D765951A3A63 /* Overlay */,
				D69AC42C5BA3AB66012A8255 /* SessionDetail */,
				B346AA01F830B36D27732387 /* SessionHistory */,
			);
			path = UI;
			sourceTree = "<group>";
		};
		D69AC42C5BA3AB66012A8255 /* SessionDetail */ = {
			isa = PBXGroup;
			children = (
				25D83111DF0AFC983EEE83BF /* SessionDetailComponents.swift */,
				6281C5C4478788699F815620 /* SessionDetailView.swift */,
			);
			path = SessionDetail;
			sourceTree = "<group>";
		};
		DE19E04D7D1B2968DA792EBB /* Calendar */ = {
			isa = PBXGroup;
			children = (
				C107488F2C804B55D899C495 /* CalendarManager.swift */,
			);
			path = Calendar;
			sourceTree = "<group>";
		};
/* End PBXGroup section */

/* Begin PBXNativeTarget section */
		22DBF3C143F42F8755F2A18A /* RTI */ = {
			isa = PBXNativeTarget;
			buildConfigurationList = 44F1430CCE0AAF7D6890D4BF /* Build configuration list for PBXNativeTarget "RTI" */;
			buildPhases = (
				3A71D0192EC132F6AE2C0A5F /* Sources */,
				2F50C7F51B41B0EB703EC7F0 /* Frameworks */,
				FAAADBE37FD2604E6E0C761E /* Embed Dependencies */,
			);
			buildRules = (
			);
			dependencies = (
				D4C41CDC0D8BC24A28E8F22D /* PBXTargetDependency */,
			);
			name = RTI;
			packageProductDependencies = (
				08E319D06810A68709A49060 /* GRDB */,
				D0B6C86BEF9143E9BCEC2BE1 /* Starscream */,
				DAE3424016A8F1DC3B06D873 /* Yams */,
			);
			productName = RTI;
			productReference = C1F0544DED98C9C9C8A525F7 /* RTI.app */;
			productType = "com.apple.product-type.application";
		};
		352ADB10DB522064276CBE6A /* RTITests */ = {
			isa = PBXNativeTarget;
			buildConfigurationList = 0BFB8506F340F31413FC0A8A /* Build configuration list for PBXNativeTarget "RTITests" */;
			buildPhases = (
				07784234FB4C57C667494738 /* Sources */,
				BA5ED6D7FA1851332987223D /* Frameworks */,
			);
			buildRules = (
			);
			dependencies = (
			);
			name = RTITests;
			packageProductDependencies = (
				BD8327CDA200688016F4811C /* GRDB */,
				193C6721989EBF7E550F424A /* Yams */,
			);
			productName = RTITests;
			productReference = 529928DBB744C96FC50538C4 /* RTITests.xctest */;
			productType = "com.apple.product-type.bundle.unit-test";
		};
		655FABAD90CA42CCD8178DDF /* RTIMCP */ = {
			isa = PBXNativeTarget;
			buildConfigurationList = A4CA98B6017D728BF30BA5A0 /* Build configuration list for PBXNativeTarget "RTIMCP" */;
			buildPhases = (
				6334BA64DC9CD9C28D9240C7 /* Sources */,
				78168AF54A814E1ED4F46BE9 /* Frameworks */,
			);
			buildRules = (
			);
			dependencies = (
			);
			name = RTIMCP;
			packageProductDependencies = (
				9F18FBF3A7CCD54AD715459F /* GRDB */,
				BC1DB82B412CD954CBFA8E17 /* Yams */,
			);
			productName = RTIMCP;
			productReference = A2127891ACC732EA523D20C2 /* RTIMCP */;
			productType = "com.apple.product-type.tool";
		};
/* End PBXNativeTarget section */

/* Begin PBXProject section */
		FF9B2702955BDB65AA4249D3 /* Project object */ = {
			isa = PBXProject;
			attributes = {
				BuildIndependentTargetsInParallel = YES;
				LastUpgradeCheck = 1430;
				TargetAttributes = {
					22DBF3C143F42F8755F2A18A = {
						DevelopmentTeam = "";
						ProvisioningStyle = Automatic;
					};
					352ADB10DB522064276CBE6A = {
						DevelopmentTeam = "";
						ProvisioningStyle = Automatic;
					};
					655FABAD90CA42CCD8178DDF = {
						DevelopmentTeam = "";
						ProvisioningStyle = Automatic;
					};
				};
			};
			buildConfigurationList = 00E8A6D0577481650AFDA8AF /* Build configuration list for PBXProject "RTI" */;
			developmentRegion = en;
			hasScannedForEncodings = 0;
			knownRegions = (
				Base,
				en,
			);
			mainGroup = 93C3B71700B313358BBEB139;
			minimizedProjectReferenceProxies = 1;
			packageReferences = (
				CB2F14DE9749173640F2D96B /* XCRemoteSwiftPackageReference "GRDB.swift" */,
				8A1C41FE0398140150F33ED7 /* XCRemoteSwiftPackageReference "Starscream" */,
				1B2D3A33C9B42B84FA7F4339 /* XCRemoteSwiftPackageReference "Yams" */,
			);
			preferredProjectObjectVersion = 77;
			productRefGroup = 2F60E31386655AA08CC1C2A9 /* Products */;
			projectDirPath = "";
			projectRoot = "";
			targets = (
				22DBF3C143F42F8755F2A18A /* RTI */,
				655FABAD90CA42CCD8178DDF /* RTIMCP */,
				352ADB10DB522064276CBE6A /* RTITests */,
			);
		};
/* End PBXProject section */

/* Begin PBXSourcesBuildPhase section */
		07784234FB4C57C667494738 /* Sources */ = {
			isa = PBXSourcesBuildPhase;
			buildActionMask = 2147483647;
			files = (
				825E92884AE10BC255F6991F /* CommandRegistry.swift in Sources */,
				CFC035E3E6CDBBFCF0D2612D /* CommandRegistryTests.swift in Sources */,
				F66899E9870289305445DEB1 /* CorpusEntry.swift in Sources */,
				C666DFBEA76C40F82382EA76 /* CorpusEntryTests.swift in Sources */,
				465EACF865D80589B46609F8 /* CorpusFTSReindexer.swift in Sources */,
				85CD28F4C82EA4F4AAACCBE7 /* CorpusFTSReindexerTests.swift in Sources */,
				BFAB8586DFFC07D20FAA098D /* CorpusReader.swift in Sources */,
				6EE4883A9B7562F721AB37BA /* CorpusWriter.swift in Sources */,
				7F25E64740AE7A9EE047EFFB /* CorpusWriterTests.swift in Sources */,
				D46560DBC4797045CBA4CB1A /* DeepSeekError.swift in Sources */,
				9C1666D3BCEA5B933F188486 /* DeepSeekErrorTests.swift in Sources */,
				3F9C43481228EE595791A6A0 /* LiveJSONLWriter.swift in Sources */,
				875FF4D465D719F5CC866662 /* LiveJSONLWriterTests.swift in Sources */,
				2BF97B594F6B7E1C664F7750 /* MCPSpawnIntegrationTests.swift in Sources */,
				207A29B4F494DED7AF55ECF5 /* MarkdownRenderer.swift in Sources */,
				C1EE91841E9613ECF125C8C6 /* MarkdownRendererTests.swift in Sources */,
				A3127A4220C41C2413B23249 /* SonioxFailure.swift in Sources */,
				DBCAA5D4FD382ACD913D4980 /* SonioxFailureTests.swift in Sources */,
				74C468CDEFAC049BEDE3093A /* SonioxProtocol.swift in Sources */,
				96C0822D8C23C897655D3E03 /* SpeakerLabelMapping.swift in Sources */,
				CB6002FE9DA7402E4573E874 /* SpeakerTurn.swift in Sources */,
				FFEF45631B7D83D3141AC09B /* SpeakerTurnTests.swift in Sources */,
				2AEDD80E612700500221C1B8 /* TranscriptEntry.swift in Sources */,
				27683B96B51592F25FD534D0 /* WritePathIntegrationTests.swift in Sources */,
			);
			runOnlyForDeploymentPostprocessing = 0;
		};
		3A71D0192EC132F6AE2C0A5F /* Sources */ = {
			isa = PBXSourcesBuildPhase;
			buildActionMask = 2147483647;
			files = (
				F501C2DB4B95AC2E17320050 /* AppDelegate.swift in Sources */,
				E2687F74F0EF7AABB539A434 /* AppLog.swift in Sources */,
				AB1F3263F87719DF1864ED75 /* AssistantInputView.swift in Sources */,
				1F9CF8485D7C0F0640A03890 /* AudioCaptureManager.swift in Sources */,
				29064D2D951C51390FE3EB29 /* AudioInputDevice.swift in Sources */,
				3C34F7F68A114A5C28BE2BF3 /* CalendarManager.swift in Sources */,
				EE90D8606F09CEE04504490C /* ChatMessage.swift in Sources */,
				7EF2AECA505820507FF3CE29 /* CommandPaletteView.swift in Sources */,
				CA226F89770F830DE007782A /* CommandPaletteWindowController.swift in Sources */,
				2C242E5A0B3725CFE29F968A /* CommandRegistry.swift in Sources */,
				387627B359E82DEBA3599F97 /* CorpusBackedStore.swift in Sources */,
				C89FA8D64E22A1A17836E07C /* CorpusEntry.swift in Sources */,
				E7A78919E326DC8E80FBC4B5 /* CorpusFTSReindexer.swift in Sources */,
				0ABEC3C6A17E293DE6AC1CCC /* CorpusManager.swift in Sources */,
				BF4EE9BF940A75A8915864A5 /* CorpusReader.swift in Sources */,
				8B691267535E0798EA8B6241 /* CorpusWriter.swift in Sources */,
				FE75685A7A9FE7649EA0C7AB /* CrashLog.swift in Sources */,
				F5EA15C170481EAFC11AF277 /* DebugConsoleView.swift in Sources */,
				FA9C81A466AC2873E158A3AB /* DebugConsoleWindowController.swift in Sources */,
				10BF0B67AA72696A1D8E5EAE /* DeepSeekClient.swift in Sources */,
				0912D6748435B419CF4E980F /* DeepSeekError.swift in Sources */,
				1594045A9CFA26BBDF77537A /* DeepSeekProtocol.swift in Sources */,
				10AA2C2F262356A6E010E0FB /* GlobalHotkey.swift in Sources */,
				E99A2E3907A22BFFDAA70011 /* KeychainStore.swift in Sources */,
				FFD5B192F9BB067609DF60FD /* LLMController.swift in Sources */,
				3CF7BA318F9E008AB26485A5 /* LaunchAtLogin.swift in Sources */,
				CDB5B9EA30B4CC706FAFB451 /* LiveJSONLWriter.swift in Sources */,
				855ABD64A74C97B2364A1424 /* LogsWindowController.swift in Sources */,
				B87700410AF304B76C00B5EB /* MarkdownRenderer.swift in Sources */,
				CAF7AC115BCF92DEC21FFCB2 /* MiniWidgetView.swift in Sources */,
				0C3926E9622B402E66C8616B /* MiniWidgetWindowController.swift in Sources */,
				2BC80B64267C234E010ABCEB /* Mode.swift in Sources */,
				5CADD8F4EC8D5F2A65CA6C8A /* ModeStore.swift in Sources */,
				F620ED21C7BA06ED9275285D /* NotificationNames.swift in Sources */,
				FE494F2BEC4A19321FE608BC /* OCRService.swift in Sources */,
				EAD660CCEB4135C933D64193 /* OnboardingWindowController.swift in Sources */,
				DF9B733225B63D3BEE464B79 /* OverlayInputState.swift in Sources */,
				13E39F9698856D431959DFD3 /* OverlayPanelView.swift in Sources */,
				69E981D47DB742F906A163BC /* OverlayWindowController.swift in Sources */,
				44CBAA0BB8BCCF9DEE1CDFF3 /* PromptActionRow.swift in Sources */,
				CB82055FF93F65006B55C5C7 /* RTIApp.swift in Sources */,
				217A70742CDAB0DB3D538B89 /* RTIDatabase.swift in Sources */,
				F0A855E54187ADA60C7AB9D0 /* RTIDesign.swift in Sources */,
				45702D4E7A2DEF80C47A4F10 /* ResponseView.swift in Sources */,
				5FDDEF1F7691B954741886BF /* ScreenshotManager.swift in Sources */,
				D0C3F1A6FEB34B860A83DEA4 /* Secrets.swift in Sources */,
				66AE173856AED09FC72A2D58 /* Session.swift in Sources */,
				32BA2D12A95743F9542C259A /* SessionCoordinator.swift in Sources */,
				7199883BA0F8548E3493E970 /* SessionDetailComponents.swift in Sources */,
				C1A6994A79F13D39CF7A6691 /* SessionDetailView.swift in Sources */,
				8C6CFEEBEB89C08AC8B8C33B /* SessionExport.swift in Sources */,
				C2E20687DAB58C81CF2C8F37 /* SessionHistoryView.swift in Sources */,
				FE4D7A5D10432BE3D2866F2F /* SessionHistoryWindowController.swift in Sources */,
				70BC938F0CA9C04A5FEE5059 /* SessionQAController.swift in Sources */,
				AA632F7F7DC4BBFC918D6941 /* SessionSearch.swift in Sources */,
				0E94DDBB01100ED1B197831A /* SessionSummary.swift in Sources */,
				506FA1EED04872D658BE8E4E /* SessionTitleController.swift in Sources */,
				BC57220A05F60410ED96C0B3 /* SettingsView.swift in Sources */,
				C1D2AF666B90D25E0C08C4BF /* SettingsWindowController.swift in Sources */,
				1139B65B9AAE469E7DFF917B /* ShortcutsWindowController.swift in Sources */,
				DE1DCC91D34825F8EF3CF444 /* SonioxClient.swift in Sources */,
				401324B43BC0199A0BB221CA /* SonioxFailure.swift in Sources */,
				3F7FB62F0C59D289C7AE4236 /* SonioxFileTranscribeClient.swift in Sources */,
				2B669C05ADC619E925C1AB20 /* SonioxProtocol.swift in Sources */,
				E29C700EFF6366F258434883 /* SpeakerLabelMapping.swift in Sources */,
				A21F64C0CA36C2F7849133FE /* SpeakerLabels.swift in Sources */,
				8DE47C053C0DBFF1B2D65B8E /* SpeakerOverlay.swift in Sources */,
				220D798013E40D1826B23127 /* SpeakerTurn.swift in Sources */,
				D56CF6E647EE493B3AC093CA /* SummaryController.swift in Sources */,
				9F89E22932AA0A661DB33D88 /* SystemAudioCapture.swift in Sources */,
				6D619EF785EABFE337BBBB56 /* TopWidgetView.swift in Sources */,
				5D53AB334A181274357817CD /* TopWidgetWindowController.swift in Sources */,
				6DE7863B9496A49105CB8675 /* TranscriptContext.swift in Sources */,
				A9E5A4F3E878C5FF3DC90168 /* TranscriptEntry.swift in Sources */,
				621F07BC2133EEAE0B400E30 /* TranscriptRegenerator.swift in Sources */,
				6253C8E7925BDAEF2F4D72C4 /* TranscriptRowView.swift in Sources */,
				0C930D4CA1010E41BF1CF1E1 /* WAVWriter.swift in Sources */,
			);
			runOnlyForDeploymentPostprocessing = 0;
		};
		6334BA64DC9CD9C28D9240C7 /* Sources */ = {
			isa = PBXSourcesBuildPhase;
			buildActionMask = 2147483647;
			files = (
				451477259DC815DE749C384A /* CorpusEntry.swift in Sources */,
				B6CCFD3805F92C062B39E669 /* CorpusReader.swift in Sources */,
				46DF816A19FF359179B0E831 /* LiveJSONLWriter.swift in Sources */,
				D700ECF43F4CD37B819F21EB /* MCPProtocol.swift in Sources */,
				1EE82B486EBF9D4F47D62BCB /* MCPTools.swift in Sources */,
				85E28C6D8F1ED5E3AC9E56B7 /* RTIMCPMain.swift in Sources */,
			);
			runOnlyForDeploymentPostprocessing = 0;
		};
/* End PBXSourcesBuildPhase section */

/* Begin PBXTargetDependency section */
		D4C41CDC0D8BC24A28E8F22D /* PBXTargetDependency */ = {
			isa = PBXTargetDependency;
			target = 655FABAD90CA42CCD8178DDF /* RTIMCP */;
			targetProxy = 68ACDC0BE497078D1D4ED236 /* PBXContainerItemProxy */;
		};
/* End PBXTargetDependency section */

/* Begin XCBuildConfiguration section */
		19F47C4D6FC09C620232096B /* Debug */ = {
			isa = XCBuildConfiguration;
			buildSettings = {
				ALWAYS_SEARCH_USER_PATHS = NO;
				CLANG_ANALYZER_NONNULL = YES;
				CLANG_ANALYZER_NUMBER_OBJECT_CONVERSION = YES_AGGRESSIVE;
				CLANG_CXX_LANGUAGE_STANDARD = "gnu++14";
				CLANG_CXX_LIBRARY = "libc++";
				CLANG_ENABLE_MODULES = YES;
				CLANG_ENABLE_OBJC_ARC = YES;
				CLANG_ENABLE_OBJC_WEAK = YES;
				CLANG_WARN_BLOCK_CAPTURE_AUTORELEASING = YES;
				CLANG_WARN_BOOL_CONVERSION = YES;
				CLANG_WARN_COMMA = YES;
				CLANG_WARN_CONSTANT_CONVERSION = YES;
				CLANG_WARN_DEPRECATED_OBJC_IMPLEMENTATIONS = YES;
				CLANG_WARN_DIRECT_OBJC_ISA_USAGE = YES_ERROR;
				CLANG_WARN_DOCUMENTATION_COMMENTS = YES;
				CLANG_WARN_EMPTY_BODY = YES;
				CLANG_WARN_ENUM_CONVERSION = YES;
				CLANG_WARN_INFINITE_RECURSION = YES;
				CLANG_WARN_INT_CONVERSION = YES;
				CLANG_WARN_NON_LITERAL_NULL_CONVERSION = YES;
				CLANG_WARN_OBJC_IMPLICIT_RETAIN_SELF = YES;
				CLANG_WARN_OBJC_LITERAL_CONVERSION = YES;
				CLANG_WARN_OBJC_ROOT_CLASS = YES_ERROR;
				CLANG_WARN_QUOTED_INCLUDE_IN_FRAMEWORK_HEADER = YES;
				CLANG_WARN_RANGE_LOOP_ANALYSIS = YES;
				CLANG_WARN_STRICT_PROTOTYPES = YES;
				CLANG_WARN_SUSPICIOUS_MOVE = YES;
				CLANG_WARN_UNGUARDED_AVAILABILITY = YES_AGGRESSIVE;
				CLANG_WARN_UNREACHABLE_CODE = YES;
				CLANG_WARN__DUPLICATE_METHOD_MATCH = YES;
				CODE_SIGN_ENTITLEMENTS = Sources/RTI.entitlements;
				CODE_SIGN_IDENTITY = "-";
				CODE_SIGN_STYLE = Automatic;
				COPY_PHASE_STRIP = NO;
				DEBUG_INFORMATION_FORMAT = dwarf;
				DEVELOPMENT_TEAM = "";
				ENABLE_HARDENED_RUNTIME = NO;
				ENABLE_STRICT_OBJC_MSGSEND = YES;
				ENABLE_TESTABILITY = YES;
				GCC_C_LANGUAGE_STANDARD = gnu11;
				GCC_DYNAMIC_NO_PIC = NO;
				GCC_NO_COMMON_BLOCKS = YES;
				GCC_OPTIMIZATION_LEVEL = 0;
				GCC_PREPROCESSOR_DEFINITIONS = (
					"$(inherited)",
					"DEBUG=1",
				);
				GCC_WARN_64_TO_32_BIT_CONVERSION = YES;
				GCC_WARN_ABOUT_RETURN_TYPE = YES_ERROR;
				GCC_WARN_UNDECLARED_SELECTOR = YES;
				GCC_WARN_UNINITIALIZED_AUTOS = YES_AGGRESSIVE;
				GCC_WARN_UNUSED_FUNCTION = YES;
				GCC_WARN_UNUSED_VARIABLE = YES;
				GENERATE_INFOPLIST_FILE = NO;
				INFOPLIST_FILE = Sources/Info.plist;
				MACOSX_DEPLOYMENT_TARGET = 14.0;
				MTL_ENABLE_DEBUG_INFO = INCLUDE_SOURCE;
				MTL_FAST_MATH = YES;
				ONLY_ACTIVE_ARCH = YES;
				PRODUCT_BUNDLE_IDENTIFIER = com.tristan.rti;
				PRODUCT_NAME = "$(TARGET_NAME)";
				SDKROOT = macosx;
				SWIFT_ACTIVE_COMPILATION_CONDITIONS = DEBUG;
				SWIFT_OPTIMIZATION_LEVEL = "-Onone";
				SWIFT_VERSION = 5.9;
			};
			name = Debug;
		};
		373E0C5B08E094E6221EE13E /* Release */ = {
			isa = XCBuildConfiguration;
			buildSettings = {
				ALWAYS_SEARCH_USER_PATHS = NO;
				CLANG_ANALYZER_NONNULL = YES;
				CLANG_ANALYZER_NUMBER_OBJECT_CONVERSION = YES_AGGRESSIVE;
				CLANG_CXX_LANGUAGE_STANDARD = "gnu++14";
				CLANG_CXX_LIBRARY = "libc++";
				CLANG_ENABLE_MODULES = YES;
				CLANG_ENABLE_OBJC_ARC = YES;
				CLANG_ENABLE_OBJC_WEAK = YES;
				CLANG_WARN_BLOCK_CAPTURE_AUTORELEASING = YES;
				CLANG_WARN_BOOL_CONVERSION = YES;
				CLANG_WARN_COMMA = YES;
				CLANG_WARN_CONSTANT_CONVERSION = YES;
				CLANG_WARN_DEPRECATED_OBJC_IMPLEMENTATIONS = YES;
				CLANG_WARN_DIRECT_OBJC_ISA_USAGE = YES_ERROR;
				CLANG_WARN_DOCUMENTATION_COMMENTS = YES;
				CLANG_WARN_EMPTY_BODY = YES;
				CLANG_WARN_ENUM_CONVERSION = YES;
				CLANG_WARN_INFINITE_RECURSION = YES;
				CLANG_WARN_INT_CONVERSION = YES;
				CLANG_WARN_NON_LITERAL_NULL_CONVERSION = YES;
				CLANG_WARN_OBJC_IMPLICIT_RETAIN_SELF = YES;
				CLANG_WARN_OBJC_LITERAL_CONVERSION = YES;
				CLANG_WARN_OBJC_ROOT_CLASS = YES_ERROR;
				CLANG_WARN_QUOTED_INCLUDE_IN_FRAMEWORK_HEADER = YES;
				CLANG_WARN_RANGE_LOOP_ANALYSIS = YES;
				CLANG_WARN_STRICT_PROTOTYPES = YES;
				CLANG_WARN_SUSPICIOUS_MOVE = YES;
				CLANG_WARN_UNGUARDED_AVAILABILITY = YES_AGGRESSIVE;
				CLANG_WARN_UNREACHABLE_CODE = YES;
				CLANG_WARN__DUPLICATE_METHOD_MATCH = YES;
				CODE_SIGN_ENTITLEMENTS = Sources/RTI.entitlements;
				CODE_SIGN_IDENTITY = "-";
				CODE_SIGN_STYLE = Automatic;
				COPY_PHASE_STRIP = NO;
				DEBUG_INFORMATION_FORMAT = "dwarf-with-dsym";
				DEVELOPMENT_TEAM = "";
				ENABLE_HARDENED_RUNTIME = NO;
				ENABLE_NS_ASSERTIONS = NO;
				ENABLE_STRICT_OBJC_MSGSEND = YES;
				GCC_C_LANGUAGE_STANDARD = gnu11;
				GCC_NO_COMMON_BLOCKS = YES;
				GCC_WARN_64_TO_32_BIT_CONVERSION = YES;
				GCC_WARN_ABOUT_RETURN_TYPE = YES_ERROR;
				GCC_WARN_UNDECLARED_SELECTOR = YES;
				GCC_WARN_UNINITIALIZED_AUTOS = YES_AGGRESSIVE;
				GCC_WARN_UNUSED_FUNCTION = YES;
				GCC_WARN_UNUSED_VARIABLE = YES;
				GENERATE_INFOPLIST_FILE = NO;
				INFOPLIST_FILE = Sources/Info.plist;
				MACOSX_DEPLOYMENT_TARGET = 14.0;
				MTL_ENABLE_DEBUG_INFO = NO;
				MTL_FAST_MATH = YES;
				PRODUCT_BUNDLE_IDENTIFIER = com.tristan.rti;
				PRODUCT_NAME = "$(TARGET_NAME)";
				SDKROOT = macosx;
				SWIFT_COMPILATION_MODE = wholemodule;
				SWIFT_OPTIMIZATION_LEVEL = "-O";
				SWIFT_VERSION = 5.9;
			};
			name = Release;
		};
		3F532576CCD232C676CEA0F1 /* Debug */ = {
			isa = XCBuildConfiguration;
			buildSettings = {
				ASSETCATALOG_COMPILER_APPICON_NAME = AppIcon;
				COMBINE_HIDPI_IMAGES = YES;
				INFOPLIST_FILE = Sources/Info.plist;
				LD_RUNPATH_SEARCH_PATHS = (
					"$(inherited)",
					"@executable_path/../Frameworks",
				);
				SDKROOT = macosx;
			};
			name = Debug;
		};
		6A1DF56C548DED1B59A0BE40 /* Debug */ = {
			isa = XCBuildConfiguration;
			buildSettings = {
				COMBINE_HIDPI_IMAGES = YES;
				LD_RUNPATH_SEARCH_PATHS = (
					"$(inherited)",
					"@executable_path/../Frameworks",
				);
				MACOSX_DEPLOYMENT_TARGET = 14.0;
				PRODUCT_NAME = "rti-mcp";
				SDKROOT = macosx;
				SWIFT_VERSION = 5.9;
			};
			name = Debug;
		};
		BC19C1F37DC5CB57CBAEACFF /* Release */ = {
			isa = XCBuildConfiguration;
			buildSettings = {
				COMBINE_HIDPI_IMAGES = YES;
				LD_RUNPATH_SEARCH_PATHS = (
					"$(inherited)",
					"@executable_path/../Frameworks",
				);
				MACOSX_DEPLOYMENT_TARGET = 14.0;
				PRODUCT_NAME = "rti-mcp";
				SDKROOT = macosx;
				SWIFT_VERSION = 5.9;
			};
			name = Release;
		};
		C113115AA53A7D6A1286E538 /* Release */ = {
			isa = XCBuildConfiguration;
			buildSettings = {
				BUNDLE_LOADER = "";
				COMBINE_HIDPI_IMAGES = YES;
				GENERATE_INFOPLIST_FILE = YES;
				LD_RUNPATH_SEARCH_PATHS = (
					"$(inherited)",
					"@executable_path/../Frameworks",
					"@loader_path/../Frameworks",
				);
				MACOSX_DEPLOYMENT_TARGET = 14.0;
				PRODUCT_BUNDLE_IDENTIFIER = com.tristan.rti.tests;
				SDKROOT = macosx;
				SWIFT_VERSION = 5.9;
				TEST_HOST = "";
			};
			name = Release;
		};
		D3ABDCD0CF1B7C8CC808D677 /* Release */ = {
			isa = XCBuildConfiguration;
			buildSettings = {
				ASSETCATALOG_COMPILER_APPICON_NAME = AppIcon;
				COMBINE_HIDPI_IMAGES = YES;
				INFOPLIST_FILE = Sources/Info.plist;
				LD_RUNPATH_SEARCH_PATHS = (
					"$(inherited)",
					"@executable_path/../Frameworks",
				);
				SDKROOT = macosx;
			};
			name = Release;
		};
		F502E717CCCB143FE5833CD9 /* Debug */ = {
			isa = XCBuildConfiguration;
			buildSettings = {
				BUNDLE_LOADER = "";
				COMBINE_HIDPI_IMAGES = YES;
				GENERATE_INFOPLIST_FILE = YES;
				LD_RUNPATH_SEARCH_PATHS = (
					"$(inherited)",
					"@executable_path/../Frameworks",
					"@loader_path/../Frameworks",
				);
				MACOSX_DEPLOYMENT_TARGET = 14.0;
				PRODUCT_BUNDLE_IDENTIFIER = com.tristan.rti.tests;
				SDKROOT = macosx;
				SWIFT_VERSION = 5.9;
				TEST_HOST = "";
			};
			name = Debug;
		};
/* End XCBuildConfiguration section */

/* Begin XCConfigurationList section */
		00E8A6D0577481650AFDA8AF /* Build configuration list for PBXProject "RTI" */ = {
			isa = XCConfigurationList;
			buildConfigurations = (
				19F47C4D6FC09C620232096B /* Debug */,
				373E0C5B08E094E6221EE13E /* Release */,
			);
			defaultConfigurationIsVisible = 0;
			defaultConfigurationName = Debug;
		};
		0BFB8506F340F31413FC0A8A /* Build configuration list for PBXNativeTarget "RTITests" */ = {
			isa = XCConfigurationList;
			buildConfigurations = (
				F502E717CCCB143FE5833CD9 /* Debug */,
				C113115AA53A7D6A1286E538 /* Release */,
			);
			defaultConfigurationIsVisible = 0;
			defaultConfigurationName = Debug;
		};
		44F1430CCE0AAF7D6890D4BF /* Build configuration list for PBXNativeTarget "RTI" */ = {
			isa = XCConfigurationList;
			buildConfigurations = (
				3F532576CCD232C676CEA0F1 /* Debug */,
				D3ABDCD0CF1B7C8CC808D677 /* Release */,
			);
			defaultConfigurationIsVisible = 0;
			defaultConfigurationName = Debug;
		};
		A4CA98B6017D728BF30BA5A0 /* Build configuration list for PBXNativeTarget "RTIMCP" */ = {
			isa = XCConfigurationList;
			buildConfigurations = (
				6A1DF56C548DED1B59A0BE40 /* Debug */,
				BC19C1F37DC5CB57CBAEACFF /* Release */,
			);
			defaultConfigurationIsVisible = 0;
			defaultConfigurationName = Debug;
		};
/* End XCConfigurationList section */

/* Begin XCRemoteSwiftPackageReference section */
		1B2D3A33C9B42B84FA7F4339 /* XCRemoteSwiftPackageReference "Yams" */ = {
			isa = XCRemoteSwiftPackageReference;
			repositoryURL = "https://github.com/jpsim/Yams";
			requirement = {
				kind = upToNextMajorVersion;
				minimumVersion = 5.1.0;
			};
		};
		8A1C41FE0398140150F33ED7 /* XCRemoteSwiftPackageReference "Starscream" */ = {
			isa = XCRemoteSwiftPackageReference;
			repositoryURL = "https://github.com/daltoniam/Starscream";
			requirement = {
				kind = upToNextMajorVersion;
				minimumVersion = 4.0.8;
			};
		};
		CB2F14DE9749173640F2D96B /* XCRemoteSwiftPackageReference "GRDB.swift" */ = {
			isa = XCRemoteSwiftPackageReference;
			repositoryURL = "https://github.com/groue/GRDB.swift";
			requirement = {
				kind = upToNextMajorVersion;
				minimumVersion = 6.29.0;
			};
		};
/* End XCRemoteSwiftPackageReference section */

/* Begin XCSwiftPackageProductDependency section */
		08E319D06810A68709A49060 /* GRDB */ = {
			isa = XCSwiftPackageProductDependency;
			package = CB2F14DE9749173640F2D96B /* XCRemoteSwiftPackageReference "GRDB.swift" */;
			productName = GRDB;
		};
		193C6721989EBF7E550F424A /* Yams */ = {
			isa = XCSwiftPackageProductDependency;
			package = 1B2D3A33C9B42B84FA7F4339 /* XCRemoteSwiftPackageReference "Yams" */;
			productName = Yams;
		};
		9F18FBF3A7CCD54AD715459F /* GRDB */ = {
			isa = XCSwiftPackageProductDependency;
			package = CB2F14DE9749173640F2D96B /* XCRemoteSwiftPackageReference "GRDB.swift" */;
			productName = GRDB;
		};
		BC1DB82B412CD954CBFA8E17 /* Yams */ = {
			isa = XCSwiftPackageProductDependency;
			package = 1B2D3A33C9B42B84FA7F4339 /* XCRemoteSwiftPackageReference "Yams" */;
			productName = Yams;
		};
		BD8327CDA200688016F4811C /* GRDB */ = {
			isa = XCSwiftPackageProductDependency;
			package = CB2F14DE9749173640F2D96B /* XCRemoteSwiftPackageReference "GRDB.swift" */;
			productName = GRDB;
		};
		D0B6C86BEF9143E9BCEC2BE1 /* Starscream */ = {
			isa = XCSwiftPackageProductDependency;
			package = 8A1C41FE0398140150F33ED7 /* XCRemoteSwiftPackageReference "Starscream" */;
			productName = Starscream;
		};
		DAE3424016A8F1DC3B06D873 /* Yams */ = {
			isa = XCSwiftPackageProductDependency;
			package = 1B2D3A33C9B42B84FA7F4339 /* XCRemoteSwiftPackageReference "Yams" */;
			productName = Yams;
		};
/* End XCSwiftPackageProductDependency section */
	};
	rootObject = FF9B2702955BDB65AA4249D3 /* Project object */;
}
